
Microsoft Visual Studio Solution File, Format Version 12.00
# Visual Studio Version 17
VisualStudioVersion = 17.5.33516.290
MinimumVisualStudioVersion = 10.0.40219.1
Project("{FAE04EC0-301F-11D3-BF4B-00C04F79EFBC}") = "SuperHeroAPI", "SuperHeroAPI\SuperHeroAPI.csproj", "{8C4D761E-700F-4F35-B384-71B78C9608D5}"
EndProject
Global
	GlobalSection(SolutionConfigurationPlatforms) = preSolution
		Debug|Any CPU = Debug|Any CPU
		Release|Any CPU = Release|Any CPU
	EndGlobalSection
	GlobalSection(ProjectConfigurationPlatforms) = postSolution
		{8C4D761E-700F-4F35-B384-71B78C9608D5}.Debug|Any CPU.ActiveCfg = Debug|Any CPU
		{8C4D761E-700F-4F35-B384-71B78C9608D5}.Debug|Any CPU.Build.0 = Debug|Any CPU
		{8C4D761E-700F-4F35-B384-71B78C9608D5}.Release|Any CPU.ActiveCfg = Release|Any CPU
		{8C4D761E-700F-4F35-B384-71B78C9608D5}.Release|Any CPU.Build.0 = Release|Any CPU
	EndGlobalSection
	GlobalSection(SolutionProperties) = preSolution
		HideSolutionNode = FALSE
	EndGlobalSection
	GlobalSection(ExtensibilityGlobals) = postSolution
		SolutionGuid = {FDCB0731-5A81-43E1-9516-C7E825EC5ED9}
	EndGlobalSection
EndGlobal
